
Microsoft Visual Studio Solution File, Format Version 12.00
# Visual Studio Version 16
VisualStudioVersion = 16.0.29709.97
MinimumVisualStudioVersion = 10.0.40219.1
Project("{FAE04EC0-301F-11D3-BF4B-00C04F79EFBC}") = "GuessTheNumber", "GuessTheNumber\GuessTheNumber.csproj", "{BF49A318-54D6-4237-9AFF-3251F3690400}"
EndProject
Global
	GlobalSection(SolutionConfigurationPlatforms) = preSolution
		Debug|Any CPU = Debug|Any CPU
		Release|Any CPU = Release|Any CPU
	EndGlobalSection
	GlobalSection(ProjectConfigurationPlatforms) = postSolution
		{BF49A318-54D6-4237-9AFF-3251F3690400}.Debug|Any CPU.ActiveCfg = Debug|Any CPU
		{BF49A318-54D6-4237-9AFF-3251F3690400}.Debug|Any CPU.Build.0 = Debug|Any CPU
		{BF49A318-54D6-4237-9AFF-3251F3690400}.Release|Any CPU.ActiveCfg = Release|Any CPU
		{BF49A318-54D6-4237-9AFF-3251F3690400}.Release|Any CPU.Build.0 = Release|Any CPU
	EndGlobalSection
	GlobalSection(SolutionProperties) = preSolution
		HideSolutionNode = FALSE
	EndGlobalSection
	GlobalSection(ExtensibilityGlobals) = postSolution
		SolutionGuid = {66531630-3CEC-4407-8687-2832E1EAF07F}
	EndGlobalSection
EndGlobal
